
Microsoft Visual Studio Solution File, Format Version 12.00
# Visual Studio Version 17
VisualStudioVersion = 17.7.34031.279
MinimumVisualStudioVersion = 10.0.40219.1
Project("{9A19103F-16F7-4668-BE54-9A1E7A4F7556}") = "PersonalDiary.WebAPI", "PersonalDiary.WebAPI\PersonalDiary.WebAPI.csproj", "{916A9CC0-DEE9-4A90-B216-F78107B7D385}"
EndProject
Project("{FAE04EC0-301F-11D3-BF4B-00C04F79EFBC}") = "PersonalDiary.DataAccess", "PersonalDiary.DataAccess\PersonalDiary.DataAccess.csproj", "{5373A45B-E714-4B76-811B-4E37D8F7A363}"
EndProject
Project("{FAE04EC0-301F-11D3-BF4B-00C04F79EFBC}") = "PersonalDiary.BL", "PersonalDiary.BL\PersonalDiary.BL.csproj", "{F5AC72F1-0193-44FB-BD9D-84C7338C0F7C}"
EndProject
Global
	GlobalSection(SolutionConfigurationPlatforms) = preSolution
		Debug|Any CPU = Debug|Any CPU
		Release|Any CPU = Release|Any CPU
	EndGlobalSection
	GlobalSection(ProjectConfigurationPlatforms) = postSolution
		{916A9CC0-DEE9-4A90-B216-F78107B7D385}.Debug|Any CPU.ActiveCfg = Debug|Any CPU
		{916A9CC0-DEE9-4A90-B216-F78107B7D385}.Debug|Any CPU.Build.0 = Debug|Any CPU
		{916A9CC0-DEE9-4A90-B216-F78107B7D385}.Release|Any CPU.ActiveCfg = Release|Any CPU
		{916A9CC0-DEE9-4A90-B216-F78107B7D385}.Release|Any CPU.Build.0 = Release|Any CPU
		{5373A45B-E714-4B76-811B-4E37D8F7A363}.Debug|Any CPU.ActiveCfg = Debug|Any CPU
		{5373A45B-E714-4B76-811B-4E37D8F7A363}.Debug|Any CPU.Build.0 = Debug|Any CPU
		{5373A45B-E714-4B76-811B-4E37D8F7A363}.Release|Any CPU.ActiveCfg = Release|Any CPU
		{5373A45B-E714-4B76-811B-4E37D8F7A363}.Release|Any CPU.Build.0 = Release|Any CPU
		{F5AC72F1-0193-44FB-BD9D-84C7338C0F7C}.Debug|Any CPU.ActiveCfg = Debug|Any CPU
		{F5AC72F1-0193-44FB-BD9D-84C7338C0F7C}.Debug|Any CPU.Build.0 = Debug|Any CPU
		{F5AC72F1-0193-44FB-BD9D-84C7338C0F7C}.Release|Any CPU.ActiveCfg = Release|Any CPU
		{F5AC72F1-0193-44FB-BD9D-84C7338C0F7C}.Release|Any CPU.Build.0 = Release|Any CPU
	EndGlobalSection
	GlobalSection(SolutionProperties) = preSolution
		HideSolutionNode = FALSE
	EndGlobalSection
	GlobalSection(ExtensibilityGlobals) = postSolution
		SolutionGuid = {6787763E-EA28-402A-B872-1E1F135AC3D5}
	EndGlobalSection
EndGlobal
